<?xml version="1.0" encoding="utf-8"?>
<Project ToolsVersion="17.0" xmlns="http://schemas.microsoft.com/developer/msbuild/2003">
  <ItemGroup>
    <ClCompile Include="C:\Users\user\Desktop\TeamFight\TeamFight\Classes\AppDelegate.cpp">
      <Filter>Source Files\Classes</Filter>
    </ClCompile>
    <ClCompile Include="C:\Users\user\Desktop\TeamFight\TeamFight\proj.win32\main.cpp">
      <Filter>Source Files\proj.win32</Filter>
    </ClCompile>
    <ClCompile Include="C:\Users\user\Desktop\TeamFight\TeamFight\cocos2d\cocos\precheader.cpp">
      <Filter>Source Files</Filter>
    </ClCompile>
    <ClCompile Include="..\Classes\StatController.cpp">
      <Filter>Source Files\Classes</Filter>
    </ClCompile>
    <ClCompile Include="..\Classes\Stat.cpp">
      <Filter>Source Files\Classes</Filter>
    </ClCompile>
    <ClCompile Include="..\Classes\Entity.cpp">
      <Filter>Source Files\Classes\01.Entity</Filter>
    </ClCompile>
    <ClCompile Include="..\Classes\Archer.cpp">
      <Filter>Source Files\Classes\01.Entity</Filter>
    </ClCompile>
    <ClCompile Include="..\Classes\Knight.cpp">
      <Filter>Source Files\Classes\01.Entity</Filter>
    </ClCompile>
    <ClCompile Include="..\Classes\Pawn.cpp">
      <Filter>Source Files\Classes\01.Entity</Filter>
    </ClCompile>
    <ClCompile Include="C:\Users\user\Desktop\TeamFight\TeamFight\Classes\HelloWorldScene.cpp">
      <Filter>Source Files\Classes\02.Scene</Filter>
    </ClCompile>
    <ClCompile Include="..\Classes\Team.cpp">
      <Filter>Source Files\Classes\01.Entity</Filter>
    </ClCompile>
    <ClCompile Include="..\Classes\Skill.cpp">
      <Filter>Source Files\Classes\03.Combat</Filter>
    </ClCompile>
  </ItemGroup>
  <ItemGroup>
    <ClInclude Include="C:\Users\user\Desktop\TeamFight\TeamFight\Classes\AppDelegate.h">
      <Filter>Source Files\Classes</Filter>
    </ClInclude>
    <ClInclude Include="C:\Users\user\Desktop\TeamFight\TeamFight\proj.win32\main.h">
      <Filter>Source Files\proj.win32</Filter>
    </ClInclude>
    <ClInclude Include="C:\Users\user\Desktop\TeamFight\TeamFight\proj.win32\resource.h">
      <Filter>Source Files\proj.win32</Filter>
    </ClInclude>
    <ClInclude Include="C:\Users\user\Desktop\TeamFight\TeamFight\Resources\CloseNormal.png">
      <Filter>Resources</Filter>
    </ClInclude>
    <ClInclude Include="C:\Users\user\Desktop\TeamFight\TeamFight\Resources\CloseSelected.png">
      <Filter>Resources</Filter>
    </ClInclude>
    <ClInclude Include="C:\Users\user\Desktop\TeamFight\TeamFight\Resources\fonts\Marker Felt.ttf">
      <Filter>Resources\fonts</Filter>
    </ClInclude>
    <ClInclude Include="C:\Users\user\Desktop\TeamFight\TeamFight\Resources\fonts\arial.ttf">
      <Filter>Resources\fonts</Filter>
    </ClInclude>
    <ClInclude Include="C:\Users\user\Desktop\TeamFight\TeamFight\Resources\res\.gitkeep">
      <Filter>Resources\res</Filter>
    </ClInclude>
    <ClInclude Include="..\Classes\StatController.h">
      <Filter>Source Files\Classes</Filter>
    </ClInclude>
    <ClInclude Include="..\Classes\Action.h">
      <Filter>Source Files\Classes</Filter>
    </ClInclude>
    <ClInclude Include="..\Classes\Stat.h">
      <Filter>Source Files\Classes</Filter>
    </ClInclude>
    <ClInclude Include="..\Classes\Archer.h">
      <Filter>Source Files\Classes\01.Entity</Filter>
    </ClInclude>
    <ClInclude Include="..\Classes\Entity.h">
      <Filter>Source Files\Classes\01.Entity</Filter>
    </ClInclude>
    <ClInclude Include="..\Classes\Knight.h">
      <Filter>Source Files\Classes\01.Entity</Filter>
    </ClInclude>
    <ClInclude Include="..\Classes\Pawn.h">
      <Filter>Source Files\Classes\01.Entity</Filter>
    </ClInclude>
    <ClInclude Include="Entities.h">
      <Filter>Source Files\Classes\01.Entity</Filter>
    </ClInclude>
    <ClInclude Include="..\Classes\Entities.h">
      <Filter>Source Files\Classes</Filter>
    </ClInclude>
    <ClInclude Include="C:\Users\user\Desktop\TeamFight\TeamFight\Classes\HelloWorldScene.h">
      <Filter>Source Files\Classes\02.Scene</Filter>
    </ClInclude>
    <ClInclude Include="..\Classes\Team.h">
      <Filter>Source Files\Classes\01.Entity</Filter>
    </ClInclude>
    <ClInclude Include="..\Classes\Skill.h">
      <Filter>Source Files\Classes\03.Combat</Filter>
    </ClInclude>
  </ItemGroup>
  <ItemGroup>
    <CustomBuild Include="C:\Users\user\Desktop\TeamFight\TeamFight\CMakeLists.txt" />
  </ItemGroup>
  <ItemGroup>
    <ResourceCompile Include="C:\Users\user\Desktop\TeamFight\TeamFight\proj.win32\game.rc">
      <Filter>Source Files\proj.win32</Filter>
    </ResourceCompile>
  </ItemGroup>
  <ItemGroup>
    <Filter Include="Resources">
      <UniqueIdentifier>{B872DCBE-B467-38F9-92F1-269C2996349E}</UniqueIdentifier>
    </Filter>
    <Filter Include="Resources\fonts">
      <UniqueIdentifier>{0C295309-CD7F-3AD6-A805-1F4AB4D4F48E}</UniqueIdentifier>
    </Filter>
    <Filter Include="Resources\res">
      <UniqueIdentifier>{B00A75C1-8539-30B2-93ED-F1FFD8CB160D}</UniqueIdentifier>
    </Filter>
    <Filter Include="Source Files">
      <UniqueIdentifier>{8D3CE1AB-2295-31B9-BD83-90DC8B3705C3}</UniqueIdentifier>
    </Filter>
    <Filter Include="Source Files\Classes">
      <UniqueIdentifier>{4A24AD9C-3602-3117-BAE2-9780EEC80661}</UniqueIdentifier>
    </Filter>
    <Filter Include="Source Files\proj.win32">
      <UniqueIdentifier>{743D1192-760C-3A7E-8F81-702B2D531593}</UniqueIdentifier>
    </Filter>
    <Filter Include="Source Files\Classes\01.Entity">
      <UniqueIdentifier>{0938e49d-bc84-4716-b33c-98a55cc50fc4}</UniqueIdentifier>
    </Filter>
    <Filter Include="Source Files\Classes\02.Scene">
      <UniqueIdentifier>{bdc2b042-740b-426a-815c-19f7e6d8cae8}</UniqueIdentifier>
    </Filter>
    <Filter Include="Source Files\Classes\03.Combat">
      <UniqueIdentifier>{878516fe-30fc-43f9-9de3-aad80b036e40}</UniqueIdentifier>
    </Filter>
  </ItemGroup>
</Project>