
Microsoft Visual Studio Solution File, Format Version 12.00
# Visual Studio Version 17
Project("{2150E333-8FDC-42A3-9474-1A3956D46DE8}") = "CMakePredefinedTargets", "CMakePredefinedTargets", "{1736B297-CD60-3784-AB80-81532D13F46D}"
EndProject
Project("{2150E333-8FDC-42A3-9474-1A3956D46DE8}") = "External", "External", "{3D5996A4-D1B1-3E4D-BFF8-04011C80F2AB}"
EndProject
Project("{2150E333-8FDC-42A3-9474-1A3956D46DE8}") = "Internal", "Internal", "{9CE15234-10A3-382B-805C-A94C2C9316DE}"
EndProject
Project("{8BC9CEB8-8B4A-11D0-8D11-00A0C91BC942}") = "ALL_BUILD", "ALL_BUILD.vcxproj", "{3B6DDD6B-302A-3D4C-87CB-9988EF8EA2DC}"
	ProjectSection(ProjectDependencies) = postProject
		{86BBCFD0-3938-3F96-A061-37D54D202CBD} = {86BBCFD0-3938-3F96-A061-37D54D202CBD}
		{DA22ADB1-06AD-381C-A202-57BACF6EBA38} = {DA22ADB1-06AD-381C-A202-57BACF6EBA38}
		{236695FC-1160-3EAF-BCD6-240BB5807D69} = {236695FC-1160-3EAF-BCD6-240BB5807D69}
		{1B8A7B82-C63E-3D25-8B0D-58E8EE66FB5D} = {1B8A7B82-C63E-3D25-8B0D-58E8EE66FB5D}
		{D0624321-323B-377A-834C-8D56945E3827} = {D0624321-323B-377A-834C-8D56945E3827}
		{1D11F7B0-3EE0-3CDE-AD60-BB9D31A7A313} = {1D11F7B0-3EE0-3CDE-AD60-BB9D31A7A313}
		{7C379955-9F52-3A14-8EC3-DAFFE278B657} = {7C379955-9F52-3A14-8EC3-DAFFE278B657}
		{09176A92-BE96-3E73-AD32-87D56642F3CC} = {09176A92-BE96-3E73-AD32-87D56642F3CC}
		{CDD4E305-59C1-39F8-A43E-5358914A0A0E} = {CDD4E305-59C1-39F8-A43E-5358914A0A0E}
		{D1F0DCD7-CC51-3405-A01D-A353483B41E1} = {D1F0DCD7-CC51-3405-A01D-A353483B41E1}
		{3B8C8D79-7D26-32A3-BAB1-5EE6910AE46A} = {3B8C8D79-7D26-32A3-BAB1-5EE6910AE46A}
		{FE709928-15DB-3BD0-AC7F-8C12D8783B04} = {FE709928-15DB-3BD0-AC7F-8C12D8783B04}
		{F6C50782-78CF-365F-90A0-DB2D0F67F6CD} = {F6C50782-78CF-365F-90A0-DB2D0F67F6CD}
	EndProjectSection
EndProject
Project("{8BC9CEB8-8B4A-11D0-8D11-00A0C91BC942}") = "ZERO_CHECK", "..\..\..\\ZERO_CHECK.vcxproj", "{86BBCFD0-3938-3F96-A061-37D54D202CBD}"
	ProjectSection(ProjectDependencies) = postProject
	EndProjectSection
EndProject
Project("{8BC9CEB8-8B4A-11D0-8D11-00A0C91BC942}") = "cocos2d", "cocos2d.vcxproj", "{DA22ADB1-06AD-381C-A202-57BACF6EBA38}"
	ProjectSection(ProjectDependencies) = postProject
		{86BBCFD0-3938-3F96-A061-37D54D202CBD} = {86BBCFD0-3938-3F96-A061-37D54D202CBD}
		{236695FC-1160-3EAF-BCD6-240BB5807D69} = {236695FC-1160-3EAF-BCD6-240BB5807D69}
		{1B8A7B82-C63E-3D25-8B0D-58E8EE66FB5D} = {1B8A7B82-C63E-3D25-8B0D-58E8EE66FB5D}
		{D0624321-323B-377A-834C-8D56945E3827} = {D0624321-323B-377A-834C-8D56945E3827}
		{1D11F7B0-3EE0-3CDE-AD60-BB9D31A7A313} = {1D11F7B0-3EE0-3CDE-AD60-BB9D31A7A313}
		{7C379955-9F52-3A14-8EC3-DAFFE278B657} = {7C379955-9F52-3A14-8EC3-DAFFE278B657}
		{09176A92-BE96-3E73-AD32-87D56642F3CC} = {09176A92-BE96-3E73-AD32-87D56642F3CC}
		{CDD4E305-59C1-39F8-A43E-5358914A0A0E} = {CDD4E305-59C1-39F8-A43E-5358914A0A0E}
		{D1F0DCD7-CC51-3405-A01D-A353483B41E1} = {D1F0DCD7-CC51-3405-A01D-A353483B41E1}
		{3B8C8D79-7D26-32A3-BAB1-5EE6910AE46A} = {3B8C8D79-7D26-32A3-BAB1-5EE6910AE46A}
		{FE709928-15DB-3BD0-AC7F-8C12D8783B04} = {FE709928-15DB-3BD0-AC7F-8C12D8783B04}
		{F6C50782-78CF-365F-90A0-DB2D0F67F6CD} = {F6C50782-78CF-365F-90A0-DB2D0F67F6CD}
	EndProjectSection
EndProject
Project("{8BC9CEB8-8B4A-11D0-8D11-00A0C91BC942}") = "ext_clipper", "..\..\external\clipper\ext_clipper.vcxproj", "{236695FC-1160-3EAF-BCD6-240BB5807D69}"
	ProjectSection(ProjectDependencies) = postProject
		{86BBCFD0-3938-3F96-A061-37D54D202CBD} = {86BBCFD0-3938-3F96-A061-37D54D202CBD}
	EndProjectSection
EndProject
Project("{8BC9CEB8-8B4A-11D0-8D11-00A0C91BC942}") = "ext_convertUTF", "..\..\external\ConvertUTF\ext_convertUTF.vcxproj", "{1B8A7B82-C63E-3D25-8B0D-58E8EE66FB5D}"
	ProjectSection(ProjectDependencies) = postProject
		{86BBCFD0-3938-3F96-A061-37D54D202CBD} = {86BBCFD0-3938-3F96-A061-37D54D202CBD}
	EndProjectSection
EndProject
Project("{8BC9CEB8-8B4A-11D0-8D11-00A0C91BC942}") = "ext_edtaa3func", "..\..\external\edtaa3func\ext_edtaa3func.vcxproj", "{D0624321-323B-377A-834C-8D56945E3827}"
	ProjectSection(ProjectDependencies) = postProject
		{86BBCFD0-3938-3F96-A061-37D54D202CBD} = {86BBCFD0-3938-3F96-A061-37D54D202CBD}
	EndProjectSection
EndProject
Project("{8BC9CEB8-8B4A-11D0-8D11-00A0C91BC942}") = "ext_md5", "..\..\external\md5\ext_md5.vcxproj", "{1D11F7B0-3EE0-3CDE-AD60-BB9D31A7A313}"
	ProjectSection(ProjectDependencies) = postProject
		{86BBCFD0-3938-3F96-A061-37D54D202CBD} = {86BBCFD0-3938-3F96-A061-37D54D202CBD}
	EndProjectSection
EndProject
Project("{8BC9CEB8-8B4A-11D0-8D11-00A0C91BC942}") = "ext_poly2tri", "..\..\external\poly2tri\ext_poly2tri.vcxproj", "{7C379955-9F52-3A14-8EC3-DAFFE278B657}"
	ProjectSection(ProjectDependencies) = postProject
		{86BBCFD0-3938-3F96-A061-37D54D202CBD} = {86BBCFD0-3938-3F96-A061-37D54D202CBD}
	EndProjectSection
EndProject
Project("{8BC9CEB8-8B4A-11D0-8D11-00A0C91BC942}") = "ext_recast", "..\..\external\recast\ext_recast.vcxproj", "{09176A92-BE96-3E73-AD32-87D56642F3CC}"
	ProjectSection(ProjectDependencies) = postProject
		{86BBCFD0-3938-3F96-A061-37D54D202CBD} = {86BBCFD0-3938-3F96-A061-37D54D202CBD}
	EndProjectSection
EndProject
Project("{8BC9CEB8-8B4A-11D0-8D11-00A0C91BC942}") = "ext_tinyxml2", "..\..\external\tinyxml2\ext_tinyxml2.vcxproj", "{CDD4E305-59C1-39F8-A43E-5358914A0A0E}"
	ProjectSection(ProjectDependencies) = postProject
		{86BBCFD0-3938-3F96-A061-37D54D202CBD} = {86BBCFD0-3938-3F96-A061-37D54D202CBD}
	EndProjectSection
EndProject
Project("{8BC9CEB8-8B4A-11D0-8D11-00A0C91BC942}") = "ext_unzip", "..\..\external\unzip\ext_unzip.vcxproj", "{D1F0DCD7-CC51-3405-A01D-A353483B41E1}"
	ProjectSection(ProjectDependencies) = postProject
		{86BBCFD0-3938-3F96-A061-37D54D202CBD} = {86BBCFD0-3938-3F96-A061-37D54D202CBD}
	EndProjectSection
EndProject
Project("{8BC9CEB8-8B4A-11D0-8D11-00A0C91BC942}") = "ext_xxhash", "..\..\external\xxhash\ext_xxhash.vcxproj", "{3B8C8D79-7D26-32A3-BAB1-5EE6910AE46A}"
	ProjectSection(ProjectDependencies) = postProject
		{86BBCFD0-3938-3F96-A061-37D54D202CBD} = {86BBCFD0-3938-3F96-A061-37D54D202CBD}
	EndProjectSection
EndProject
Project("{8BC9CEB8-8B4A-11D0-8D11-00A0C91BC942}") = "ext_xxtea", "..\..\external\xxtea\ext_xxtea.vcxproj", "{FE709928-15DB-3BD0-AC7F-8C12D8783B04}"
	ProjectSection(ProjectDependencies) = postProject
		{86BBCFD0-3938-3F96-A061-37D54D202CBD} = {86BBCFD0-3938-3F96-A061-37D54D202CBD}
	EndProjectSection
EndProject
Project("{8BC9CEB8-8B4A-11D0-8D11-00A0C91BC942}") = "external", "..\..\external\external.vcxproj", "{F6C50782-78CF-365F-90A0-DB2D0F67F6CD}"
	ProjectSection(ProjectDependencies) = postProject
		{86BBCFD0-3938-3F96-A061-37D54D202CBD} = {86BBCFD0-3938-3F96-A061-37D54D202CBD}
		{236695FC-1160-3EAF-BCD6-240BB5807D69} = {236695FC-1160-3EAF-BCD6-240BB5807D69}
		{1B8A7B82-C63E-3D25-8B0D-58E8EE66FB5D} = {1B8A7B82-C63E-3D25-8B0D-58E8EE66FB5D}
		{D0624321-323B-377A-834C-8D56945E3827} = {D0624321-323B-377A-834C-8D56945E3827}
		{1D11F7B0-3EE0-3CDE-AD60-BB9D31A7A313} = {1D11F7B0-3EE0-3CDE-AD60-BB9D31A7A313}
		{7C379955-9F52-3A14-8EC3-DAFFE278B657} = {7C379955-9F52-3A14-8EC3-DAFFE278B657}
		{09176A92-BE96-3E73-AD32-87D56642F3CC} = {09176A92-BE96-3E73-AD32-87D56642F3CC}
		{CDD4E305-59C1-39F8-A43E-5358914A0A0E} = {CDD4E305-59C1-39F8-A43E-5358914A0A0E}
		{D1F0DCD7-CC51-3405-A01D-A353483B41E1} = {D1F0DCD7-CC51-3405-A01D-A353483B41E1}
		{3B8C8D79-7D26-32A3-BAB1-5EE6910AE46A} = {3B8C8D79-7D26-32A3-BAB1-5EE6910AE46A}
		{FE709928-15DB-3BD0-AC7F-8C12D8783B04} = {FE709928-15DB-3BD0-AC7F-8C12D8783B04}
	EndProjectSection
EndProject
Global
	GlobalSection(SolutionConfigurationPlatforms) = preSolution
		Debug|win32 = Debug|win32
		Release|win32 = Release|win32
		MinSizeRel|win32 = MinSizeRel|win32
		RelWithDebInfo|win32 = RelWithDebInfo|win32
	EndGlobalSection
	GlobalSection(ProjectConfigurationPlatforms) = postSolution
		{3B6DDD6B-302A-3D4C-87CB-9988EF8EA2DC}.Debug|win32.ActiveCfg = Debug|win32
		{3B6DDD6B-302A-3D4C-87CB-9988EF8EA2DC}.Release|win32.ActiveCfg = Release|win32
		{3B6DDD6B-302A-3D4C-87CB-9988EF8EA2DC}.MinSizeRel|win32.ActiveCfg = MinSizeRel|win32
		{3B6DDD6B-302A-3D4C-87CB-9988EF8EA2DC}.RelWithDebInfo|win32.ActiveCfg = RelWithDebInfo|win32
		{86BBCFD0-3938-3F96-A061-37D54D202CBD}.Debug|win32.ActiveCfg = Debug|win32
		{86BBCFD0-3938-3F96-A061-37D54D202CBD}.Debug|win32.Build.0 = Debug|win32
		{86BBCFD0-3938-3F96-A061-37D54D202CBD}.Release|win32.ActiveCfg = Release|win32
		{86BBCFD0-3938-3F96-A061-37D54D202CBD}.Release|win32.Build.0 = Release|win32
		{86BBCFD0-3938-3F96-A061-37D54D202CBD}.MinSizeRel|win32.ActiveCfg = MinSizeRel|win32
		{86BBCFD0-3938-3F96-A061-37D54D202CBD}.MinSizeRel|win32.Build.0 = MinSizeRel|win32
		{86BBCFD0-3938-3F96-A061-37D54D202CBD}.RelWithDebInfo|win32.ActiveCfg = RelWithDebInfo|win32
		{86BBCFD0-3938-3F96-A061-37D54D202CBD}.RelWithDebInfo|win32.Build.0 = RelWithDebInfo|win32
		{DA22ADB1-06AD-381C-A202-57BACF6EBA38}.Debug|win32.ActiveCfg = Debug|win32
		{DA22ADB1-06AD-381C-A202-57BACF6EBA38}.Debug|win32.Build.0 = Debug|win32
		{DA22ADB1-06AD-381C-A202-57BACF6EBA38}.Release|win32.ActiveCfg = Release|win32
		{DA22ADB1-06AD-381C-A202-57BACF6EBA38}.Release|win32.Build.0 = Release|win32
		{DA22ADB1-06AD-381C-A202-57BACF6EBA38}.MinSizeRel|win32.ActiveCfg = MinSizeRel|win32
		{DA22ADB1-06AD-381C-A202-57BACF6EBA38}.MinSizeRel|win32.Build.0 = MinSizeRel|win32
		{DA22ADB1-06AD-381C-A202-57BACF6EBA38}.RelWithDebInfo|win32.ActiveCfg = RelWithDebInfo|win32
		{DA22ADB1-06AD-381C-A202-57BACF6EBA38}.RelWithDebInfo|win32.Build.0 = RelWithDebInfo|win32
		{236695FC-1160-3EAF-BCD6-240BB5807D69}.Debug|win32.ActiveCfg = Debug|win32
		{236695FC-1160-3EAF-BCD6-240BB5807D69}.Debug|win32.Build.0 = Debug|win32
		{236695FC-1160-3EAF-BCD6-240BB5807D69}.Release|win32.ActiveCfg = Release|win32
		{236695FC-1160-3EAF-BCD6-240BB5807D69}.Release|win32.Build.0 = Release|win32
		{236695FC-1160-3EAF-BCD6-240BB5807D69}.MinSizeRel|win32.ActiveCfg = MinSizeRel|win32
		{236695FC-1160-3EAF-BCD6-240BB5807D69}.MinSizeRel|win32.Build.0 = MinSizeRel|win32
		{236695FC-1160-3EAF-BCD6-240BB5807D69}.RelWithDebInfo|win32.ActiveCfg = RelWithDebInfo|win32
		{236695FC-1160-3EAF-BCD6-240BB5807D69}.RelWithDebInfo|win32.Build.0 = RelWithDebInfo|win32
		{1B8A7B82-C63E-3D25-8B0D-58E8EE66FB5D}.Debug|win32.ActiveCfg = Debug|win32
		{1B8A7B82-C63E-3D25-8B0D-58E8EE66FB5D}.Debug|win32.Build.0 = Debug|win32
		{1B8A7B82-C63E-3D25-8B0D-58E8EE66FB5D}.Release|win32.ActiveCfg = Release|win32
		{1B8A7B82-C63E-3D25-8B0D-58E8EE66FB5D}.Release|win32.Build.0 = Release|win32
		{1B8A7B82-C63E-3D25-8B0D-58E8EE66FB5D}.MinSizeRel|win32.ActiveCfg = MinSizeRel|win32
		{1B8A7B82-C63E-3D25-8B0D-58E8EE66FB5D}.MinSizeRel|win32.Build.0 = MinSizeRel|win32
		{1B8A7B82-C63E-3D25-8B0D-58E8EE66FB5D}.RelWithDebInfo|win32.ActiveCfg = RelWithDebInfo|win32
		{1B8A7B82-C63E-3D25-8B0D-58E8EE66FB5D}.RelWithDebInfo|win32.Build.0 = RelWithDebInfo|win32
		{D0624321-323B-377A-834C-8D56945E3827}.Debug|win32.ActiveCfg = Debug|win32
		{D0624321-323B-377A-834C-8D56945E3827}.Debug|win32.Build.0 = Debug|win32
		{D0624321-323B-377A-834C-8D56945E3827}.Release|win32.ActiveCfg = Release|win32
		{D0624321-323B-377A-834C-8D56945E3827}.Release|win32.Build.0 = Release|win32
		{D0624321-323B-377A-834C-8D56945E3827}.MinSizeRel|win32.ActiveCfg = MinSizeRel|win32
		{D0624321-323B-377A-834C-8D56945E3827}.MinSizeRel|win32.Build.0 = MinSizeRel|win32
		{D0624321-323B-377A-834C-8D56945E3827}.RelWithDebInfo|win32.ActiveCfg = RelWithDebInfo|win32
		{D0624321-323B-377A-834C-8D56945E3827}.RelWithDebInfo|win32.Build.0 = RelWithDebInfo|win32
		{1D11F7B0-3EE0-3CDE-AD60-BB9D31A7A313}.Debug|win32.ActiveCfg = Debug|win32
		{1D11F7B0-3EE0-3CDE-AD60-BB9D31A7A313}.Debug|win32.Build.0 = Debug|win32
		{1D11F7B0-3EE0-3CDE-AD60-BB9D31A7A313}.Release|win32.ActiveCfg = Release|win32
		{1D11F7B0-3EE0-3CDE-AD60-BB9D31A7A313}.Release|win32.Build.0 = Release|win32
		{1D11F7B0-3EE0-3CDE-AD60-BB9D31A7A313}.MinSizeRel|win32.ActiveCfg = MinSizeRel|win32
		{1D11F7B0-3EE0-3CDE-AD60-BB9D31A7A313}.MinSizeRel|win32.Build.0 = MinSizeRel|win32
		{1D11F7B0-3EE0-3CDE-AD60-BB9D31A7A313}.RelWithDebInfo|win32.ActiveCfg = RelWithDebInfo|win32
		{1D11F7B0-3EE0-3CDE-AD60-BB9D31A7A313}.RelWithDebInfo|win32.Build.0 = RelWithDebInfo|win32
		{7C379955-9F52-3A14-8EC3-DAFFE278B657}.Debug|win32.ActiveCfg = Debug|win32
		{7C379955-9F52-3A14-8EC3-DAFFE278B657}.Debug|win32.Build.0 = Debug|win32
		{7C379955-9F52-3A14-8EC3-DAFFE278B657}.Release|win32.ActiveCfg = Release|win32
		{7C379955-9F52-3A14-8EC3-DAFFE278B657}.Release|win32.Build.0 = Release|win32
		{7C379955-9F52-3A14-8EC3-DAFFE278B657}.MinSizeRel|win32.ActiveCfg = MinSizeRel|win32
		{7C379955-9F52-3A14-8EC3-DAFFE278B657}.MinSizeRel|win32.Build.0 = MinSizeRel|win32
		{7C379955-9F52-3A14-8EC3-DAFFE278B657}.RelWithDebInfo|win32.ActiveCfg = RelWithDebInfo|win32
		{7C379955-9F52-3A14-8EC3-DAFFE278B657}.RelWithDebInfo|win32.Build.0 = RelWithDebInfo|win32
		{09176A92-BE96-3E73-AD32-87D56642F3CC}.Debug|win32.ActiveCfg = Debug|win32
		{09176A92-BE96-3E73-AD32-87D56642F3CC}.Debug|win32.Build.0 = Debug|win32
		{09176A92-BE96-3E73-AD32-87D56642F3CC}.Release|win32.ActiveCfg = Release|win32
		{09176A92-BE96-3E73-AD32-87D56642F3CC}.Release|win32.Build.0 = Release|win32
		{09176A92-BE96-3E73-AD32-87D56642F3CC}.MinSizeRel|win32.ActiveCfg = MinSizeRel|win32
		{09176A92-BE96-3E73-AD32-87D56642F3CC}.MinSizeRel|win32.Build.0 = MinSizeRel|win32
		{09176A92-BE96-3E73-AD32-87D56642F3CC}.RelWithDebInfo|win32.ActiveCfg = RelWithDebInfo|win32
		{09176A92-BE96-3E73-AD32-87D56642F3CC}.RelWithDebInfo|win32.Build.0 = RelWithDebInfo|win32
		{CDD4E305-59C1-39F8-A43E-5358914A0A0E}.Debug|win32.ActiveCfg = Debug|win32
		{CDD4E305-59C1-39F8-A43E-5358914A0A0E}.Debug|win32.Build.0 = Debug|win32
		{CDD4E305-59C1-39F8-A43E-5358914A0A0E}.Release|win32.ActiveCfg = Release|win32
		{CDD4E305-59C1-39F8-A43E-5358914A0A0E}.Release|win32.Build.0 = Release|win32
		{CDD4E305-59C1-39F8-A43E-5358914A0A0E}.MinSizeRel|win32.ActiveCfg = MinSizeRel|win32
		{CDD4E305-59C1-39F8-A43E-5358914A0A0E}.MinSizeRel|win32.Build.0 = MinSizeRel|win32
		{CDD4E305-59C1-39F8-A43E-5358914A0A0E}.RelWithDebInfo|win32.ActiveCfg = RelWithDebInfo|win32
		{CDD4E305-59C1-39F8-A43E-5358914A0A0E}.RelWithDebInfo|win32.Build.0 = RelWithDebInfo|win32
		{D1F0DCD7-CC51-3405-A01D-A353483B41E1}.Debug|win32.ActiveCfg = Debug|win32
		{D1F0DCD7-CC51-3405-A01D-A353483B41E1}.Debug|win32.Build.0 = Debug|win32
		{D1F0DCD7-CC51-3405-A01D-A353483B41E1}.Release|win32.ActiveCfg = Release|win32
		{D1F0DCD7-CC51-3405-A01D-A353483B41E1}.Release|win32.Build.0 = Release|win32
		{D1F0DCD7-CC51-3405-A01D-A353483B41E1}.MinSizeRel|win32.ActiveCfg = MinSizeRel|win32
		{D1F0DCD7-CC51-3405-A01D-A353483B41E1}.MinSizeRel|win32.Build.0 = MinSizeRel|win32
		{D1F0DCD7-CC51-3405-A01D-A353483B41E1}.RelWithDebInfo|win32.ActiveCfg = RelWithDebInfo|win32
		{D1F0DCD7-CC51-3405-A01D-A353483B41E1}.RelWithDebInfo|win32.Build.0 = RelWithDebInfo|win32
		{3B8C8D79-7D26-32A3-BAB1-5EE6910AE46A}.Debug|win32.ActiveCfg = Debug|win32
		{3B8C8D79-7D26-32A3-BAB1-5EE6910AE46A}.Debug|win32.Build.0 = Debug|win32
		{3B8C8D79-7D26-32A3-BAB1-5EE6910AE46A}.Release|win32.ActiveCfg = Release|win32
		{3B8C8D79-7D26-32A3-BAB1-5EE6910AE46A}.Release|win32.Build.0 = Release|win32
		{3B8C8D79-7D26-32A3-BAB1-5EE6910AE46A}.MinSizeRel|win32.ActiveCfg = MinSizeRel|win32
		{3B8C8D79-7D26-32A3-BAB1-5EE6910AE46A}.MinSizeRel|win32.Build.0 = MinSizeRel|win32
		{3B8C8D79-7D26-32A3-BAB1-5EE6910AE46A}.RelWithDebInfo|win32.ActiveCfg = RelWithDebInfo|win32
		{3B8C8D79-7D26-32A3-BAB1-5EE6910AE46A}.RelWithDebInfo|win32.Build.0 = RelWithDebInfo|win32
		{FE709928-15DB-3BD0-AC7F-8C12D8783B04}.Debug|win32.ActiveCfg = Debug|win32
		{FE709928-15DB-3BD0-AC7F-8C12D8783B04}.Debug|win32.Build.0 = Debug|win32
		{FE709928-15DB-3BD0-AC7F-8C12D8783B04}.Release|win32.ActiveCfg = Release|win32
		{FE709928-15DB-3BD0-AC7F-8C12D8783B04}.Release|win32.Build.0 = Release|win32
		{FE709928-15DB-3BD0-AC7F-8C12D8783B04}.MinSizeRel|win32.ActiveCfg = MinSizeRel|win32
		{FE709928-15DB-3BD0-AC7F-8C12D8783B04}.MinSizeRel|win32.Build.0 = MinSizeRel|win32
		{FE709928-15DB-3BD0-AC7F-8C12D8783B04}.RelWithDebInfo|win32.ActiveCfg = RelWithDebInfo|win32
		{FE709928-15DB-3BD0-AC7F-8C12D8783B04}.RelWithDebInfo|win32.Build.0 = RelWithDebInfo|win32
		{F6C50782-78CF-365F-90A0-DB2D0F67F6CD}.Debug|win32.ActiveCfg = Debug|win32
		{F6C50782-78CF-365F-90A0-DB2D0F67F6CD}.Debug|win32.Build.0 = Debug|win32
		{F6C50782-78CF-365F-90A0-DB2D0F67F6CD}.Release|win32.ActiveCfg = Release|win32
		{F6C50782-78CF-365F-90A0-DB2D0F67F6CD}.Release|win32.Build.0 = Release|win32
		{F6C50782-78CF-365F-90A0-DB2D0F67F6CD}.MinSizeRel|win32.ActiveCfg = MinSizeRel|win32
		{F6C50782-78CF-365F-90A0-DB2D0F67F6CD}.MinSizeRel|win32.Build.0 = MinSizeRel|win32
		{F6C50782-78CF-365F-90A0-DB2D0F67F6CD}.RelWithDebInfo|win32.ActiveCfg = RelWithDebInfo|win32
		{F6C50782-78CF-365F-90A0-DB2D0F67F6CD}.RelWithDebInfo|win32.Build.0 = RelWithDebInfo|win32
	EndGlobalSection
	GlobalSection(NestedProjects) = preSolution
		{3B6DDD6B-302A-3D4C-87CB-9988EF8EA2DC} = {1736B297-CD60-3784-AB80-81532D13F46D}
		{86BBCFD0-3938-3F96-A061-37D54D202CBD} = {1736B297-CD60-3784-AB80-81532D13F46D}
		{236695FC-1160-3EAF-BCD6-240BB5807D69} = {3D5996A4-D1B1-3E4D-BFF8-04011C80F2AB}
		{1B8A7B82-C63E-3D25-8B0D-58E8EE66FB5D} = {3D5996A4-D1B1-3E4D-BFF8-04011C80F2AB}
		{D0624321-323B-377A-834C-8D56945E3827} = {3D5996A4-D1B1-3E4D-BFF8-04011C80F2AB}
		{1D11F7B0-3EE0-3CDE-AD60-BB9D31A7A313} = {3D5996A4-D1B1-3E4D-BFF8-04011C80F2AB}
		{7C379955-9F52-3A14-8EC3-DAFFE278B657} = {3D5996A4-D1B1-3E4D-BFF8-04011C80F2AB}
		{09176A92-BE96-3E73-AD32-87D56642F3CC} = {3D5996A4-D1B1-3E4D-BFF8-04011C80F2AB}
		{CDD4E305-59C1-39F8-A43E-5358914A0A0E} = {3D5996A4-D1B1-3E4D-BFF8-04011C80F2AB}
		{D1F0DCD7-CC51-3405-A01D-A353483B41E1} = {3D5996A4-D1B1-3E4D-BFF8-04011C80F2AB}
		{3B8C8D79-7D26-32A3-BAB1-5EE6910AE46A} = {3D5996A4-D1B1-3E4D-BFF8-04011C80F2AB}
		{FE709928-15DB-3BD0-AC7F-8C12D8783B04} = {3D5996A4-D1B1-3E4D-BFF8-04011C80F2AB}
		{F6C50782-78CF-365F-90A0-DB2D0F67F6CD} = {3D5996A4-D1B1-3E4D-BFF8-04011C80F2AB}
		{DA22ADB1-06AD-381C-A202-57BACF6EBA38} = {9CE15234-10A3-382B-805C-A94C2C9316DE}
	EndGlobalSection
	GlobalSection(ExtensibilityGlobals) = postSolution
		SolutionGuid = {51EFF737-1A78-3B5F-A240-ACA77BD49455}
	EndGlobalSection
	GlobalSection(ExtensibilityAddIns) = postSolution
	EndGlobalSection
EndGlobal
